
Microsoft Visual Studio Solution File, Format Version 12.00
# Visual Studio Version 17
VisualStudioVersion = 17.0.31912.275
MinimumVisualStudioVersion = 10.0.40219.1
Project("{FAE04EC0-301F-11D3-BF4B-00C04F79EFBC}") = "DBSProject1", "DBSProject1.csproj", "{5E74B516-1996-478E-83EE-248AAC314CDB}"
EndProject
Global
	GlobalSection(SolutionConfigurationPlatforms) = preSolution
		Debug|Any CPU = Debug|Any CPU
		Release|Any CPU = Release|Any CPU
	EndGlobalSection
	GlobalSection(ProjectConfigurationPlatforms) = postSolution
		{5E74B516-1996-478E-83EE-248AAC314CDB}.Debug|Any CPU.ActiveCfg = Debug|Any CPU
		{5E74B516-1996-478E-83EE-248AAC314CDB}.Debug|Any CPU.Build.0 = Debug|Any CPU
		{5E74B516-1996-478E-83EE-248AAC314CDB}.Release|Any CPU.ActiveCfg = Release|Any CPU
		{5E74B516-1996-478E-83EE-248AAC314CDB}.Release|Any CPU.Build.0 = Release|Any CPU
	EndGlobalSection
	GlobalSection(SolutionProperties) = preSolution
		HideSolutionNode = FALSE
	EndGlobalSection
	GlobalSection(ExtensibilityGlobals) = postSolution
		SolutionGuid = {B618BDA0-CD4D-4F05-B27D-D198CE6440F4}
	EndGlobalSection
EndGlobal
